// !$*UTF8*$!
{
	archiveVersion = 1;
	classes = {
	};
	objectVersion = 56;
	objects = {

/* Begin PBXBuildFile section */
		0002490E29E44F9B00F13526 /* FirebaseAuth in Frameworks */ = {isa = PBXBuildFile; productRef = 0002490D29E44F9B00F13526 /* FirebaseAuth */; };
		0002491029E44F9B00F13526 /* FirebaseFirestore in Frameworks */ = {isa = PBXBuildFile; productRef = 0002490F29E44F9B00F13526 /* FirebaseFirestore */; };
		0002491229E44F9B00F13526 /* FirebaseStorage in Frameworks */ = {isa = PBXBuildFile; productRef = 0002491129E44F9B00F13526 /* FirebaseStorage */; };
		000CA1CF29E84633000301EB /* ChatLogView.swift in Sources */ = {isa = PBXBuildFile; fileRef = 000CA1CE29E84633000301EB /* ChatLogView.swift */; };
		005A776F29E17DFF001DEA57 /* ImagePicker.swift in Sources */ = {isa = PBXBuildFile; fileRef = 005A776E29E17DFF001DEA57 /* ImagePicker.swift */; };
		0084AFC229E038A800CBF32E /* MyChatSwiftUI_FirebaseApp.swift in Sources */ = {isa = PBXBuildFile; fileRef = 0084AFC129E038A800CBF32E /* MyChatSwiftUI_FirebaseApp.swift */; };
		0084AFC429E038A800CBF32E /* LoginView.swift in Sources */ = {isa = PBXBuildFile; fileRef = 0084AFC329E038A800CBF32E /* LoginView.swift */; };
		0084AFC629E038A900CBF32E /* Assets.xcassets in Resources */ = {isa = PBXBuildFile; fileRef = 0084AFC529E038A900CBF32E /* Assets.xcassets */; };
		0084AFC929E038A900CBF32E /* Preview Assets.xcassets in Resources */ = {isa = PBXBuildFile; fileRef = 0084AFC829E038A900CBF32E /* Preview Assets.xcassets */; };
		009B4F2A29E539E4009FD21B /* GoogleService-Info.plist in Resources */ = {isa = PBXBuildFile; fileRef = 009B4F2929E539E4009FD21B /* GoogleService-Info.plist */; };
		009B4F2C29E54D20009FD21B /* MainMessagesView.swift in Sources */ = {isa = PBXBuildFile; fileRef = 009B4F2B29E54D20009FD21B /* MainMessagesView.swift */; };
		00F2332829E68E5000A8410F /* FirebaseManager.swift in Sources */ = {isa = PBXBuildFile; fileRef = 00F2332729E68E5000A8410F /* FirebaseManager.swift */; };
		00F2332C29E69AD700A8410F /* SDWebImageSwiftUI in Frameworks */ = {isa = PBXBuildFile; productRef = 00F2332B29E69AD700A8410F /* SDWebImageSwiftUI */; };
		00F2332F29E6D9D900A8410F /* ChatUser.swift in Sources */ = {isa = PBXBuildFile; fileRef = 00F2332E29E6D9D900A8410F /* ChatUser.swift */; };
		00F2333229E6EEF400A8410F /* CreateNewMessageView.swift in Sources */ = {isa = PBXBuildFile; fileRef = 00F2333129E6EEF400A8410F /* CreateNewMessageView.swift */; };
/* End PBXBuildFile section */

/* Begin PBXFileReference section */
		000CA1CE29E84633000301EB /* ChatLogView.swift */ = {isa = PBXFileReference; lastKnownFileType = sourcecode.swift; path = ChatLogView.swift; sourceTree = "<group>"; };
		005A776E29E17DFF001DEA57 /* ImagePicker.swift */ = {isa = PBXFileReference; lastKnownFileType = sourcecode.swift; path = ImagePicker.swift; sourceTree = "<group>"; };
		0084AFBE29E038A800CBF32E /* MyChatSwiftUI-Firebase.app */ = {isa = PBXFileReference; explicitFileType = wrapper.application; includeInIndex = 0; path = "MyChatSwiftUI-Firebase.app"; sourceTree = BUILT_PRODUCTS_DIR; };
		0084AFC129E038A800CBF32E /* MyChatSwiftUI_FirebaseApp.swift */ = {isa = PBXFileReference; lastKnownFileType = sourcecode.swift; path = MyChatSwiftUI_FirebaseApp.swift; sourceTree = "<group>"; };
		0084AFC329E038A800CBF32E /* LoginView.swift */ = {isa = PBXFileReference; lastKnownFileType = sourcecode.swift; path = LoginView.swift; sourceTree = "<group>"; };
		0084AFC529E038A900CBF32E /* Assets.xcassets */ = {isa = PBXFileReference; lastKnownFileType = folder.assetcatalog; path = Assets.xcassets; sourceTree = "<group>"; };
		0084AFC829E038A900CBF32E /* Preview Assets.xcassets */ = {isa = PBXFileReference; lastKnownFileType = folder.assetcatalog; path = "Preview Assets.xcassets"; sourceTree = "<group>"; };
		009B4F2929E539E4009FD21B /* GoogleService-Info.plist */ = {isa = PBXFileReference; fileEncoding = 4; lastKnownFileType = text.plist.xml; name = "GoogleService-Info.plist"; path = "../../../../../Downloads/GoogleService-Info.plist"; sourceTree = "<group>"; };
		009B4F2B29E54D20009FD21B /* MainMessagesView.swift */ = {isa = PBXFileReference; lastKnownFileType = sourcecode.swift; path = MainMessagesView.swift; sourceTree = "<group>"; };
		00F2332729E68E5000A8410F /* FirebaseManager.swift */ = {isa = PBXFileReference; lastKnownFileType = sourcecode.swift; path = FirebaseManager.swift; sourceTree = "<group>"; };
		00F2332E29E6D9D900A8410F /* ChatUser.swift */ = {isa = PBXFileReference; lastKnownFileType = sourcecode.swift; path = ChatUser.swift; sourceTree = "<group>"; };
		00F2333129E6EEF400A8410F /* CreateNewMessageView.swift */ = {isa = PBXFileReference; lastKnownFileType = sourcecode.swift; path = CreateNewMessageView.swift; sourceTree = "<group>"; };
/* End PBXFileReference section */

/* Begin PBXFrameworksBuildPhase section */
		0084AFBB29E038A800CBF32E /* Frameworks */ = {
			isa = PBXFrameworksBuildPhase;
			buildActionMask = 2147483647;
			files = (
				00F2332C29E69AD700A8410F /* SDWebImageSwiftUI in Frameworks */,
				0002490E29E44F9B00F13526 /* FirebaseAuth in Frameworks */,
				0002491029E44F9B00F13526 /* FirebaseFirestore in Frameworks */,
				0002491229E44F9B00F13526 /* FirebaseStorage in Frameworks */,
			);
			runOnlyForDeploymentPostprocessing = 0;
		};
/* End PBXFrameworksBuildPhase section */

/* Begin PBXGroup section */
		000CA1CD29E84624000301EB /* Chat */ = {
			isa = PBXGroup;
			children = (
				000CA1CE29E84633000301EB /* ChatLogView.swift */,
			);
			path = Chat;
			sourceTree = "<group>";
		};
		0084AFB529E038A800CBF32E = {
			isa = PBXGroup;
			children = (
				0084AFC029E038A800CBF32E /* MyChatSwiftUI-Firebase */,
				0084AFBF29E038A800CBF32E /* Products */,
			);
			sourceTree = "<group>";
		};
		0084AFBF29E038A800CBF32E /* Products */ = {
			isa = PBXGroup;
			children = (
				0084AFBE29E038A800CBF32E /* MyChatSwiftUI-Firebase.app */,
			);
			name = Products;
			sourceTree = "<group>";
		};
		0084AFC029E038A800CBF32E /* MyChatSwiftUI-Firebase */ = {
			isa = PBXGroup;
			children = (
				00F2332D29E6D9CC00A8410F /* Model */,
				00F2332629E68E3D00A8410F /* Utils */,
				00F2332929E68E7900A8410F /* MainMessages */,
				0084AFC129E038A800CBF32E /* MyChatSwiftUI_FirebaseApp.swift */,
				0084AFC329E038A800CBF32E /* LoginView.swift */,
				0084AFC529E038A900CBF32E /* Assets.xcassets */,
				005A776E29E17DFF001DEA57 /* ImagePicker.swift */,
				009B4F2929E539E4009FD21B /* GoogleService-Info.plist */,
				0084AFC729E038A900CBF32E /* Preview Content */,
			);
			path = "MyChatSwiftUI-Firebase";
			sourceTree = "<group>";
		};
		0084AFC729E038A900CBF32E /* Preview Content */ = {
			isa = PBXGroup;
			children = (
				0084AFC829E038A900CBF32E /* Preview Assets.xcassets */,
			);
			path = "Preview Content";
			sourceTree = "<group>";
		};
		00F2332629E68E3D00A8410F /* Utils */ = {
			isa = PBXGroup;
			children = (
				00F2332729E68E5000A8410F /* FirebaseManager.swift */,
			);
			path = Utils;
			sourceTree = "<group>";
		};
		00F2332929E68E7900A8410F /* MainMessages */ = {
			isa = PBXGroup;
			children = (
				000CA1CD29E84624000301EB /* Chat */,
				00F2333029E6EEB400A8410F /* NewMessage */,
				009B4F2B29E54D20009FD21B /* MainMessagesView.swift */,
			);
			path = MainMessages;
			sourceTree = "<group>";
		};
		00F2332D29E6D9CC00A8410F /* Model */ = {
			isa = PBXGroup;
			children = (
				00F2332E29E6D9D900A8410F /* ChatUser.swift */,
			);
			path = Model;
			sourceTree = "<group>";
		};
		00F2333029E6EEB400A8410F /* NewMessage */ = {
			isa = PBXGroup;
			children = (
				00F2333129E6EEF400A8410F /* CreateNewMessageView.swift */,
			);
			path = NewMessage;
			sourceTree = "<group>";
		};
/* End PBXGroup section */

/* Begin PBXNativeTarget section */
		0084AFBD29E038A800CBF32E /* MyChatSwiftUI-Firebase */ = {
			isa = PBXNativeTarget;
			buildConfigurationList = 0084AFCC29E038A900CBF32E /* Build configuration list for PBXNativeTarget "MyChatSwiftUI-Firebase" */;
			buildPhases = (
				0084AFBA29E038A800CBF32E /* Sources */,
				0084AFBB29E038A800CBF32E /* Frameworks */,
				0084AFBC29E038A800CBF32E /* Resources */,
			);
			buildRules = (
			);
			dependencies = (
			);
			name = "MyChatSwiftUI-Firebase";
			packageProductDependencies = (
				0002490D29E44F9B00F13526 /* FirebaseAuth */,
				0002490F29E44F9B00F13526 /* FirebaseFirestore */,
				0002491129E44F9B00F13526 /* FirebaseStorage */,
				00F2332B29E69AD700A8410F /* SDWebImageSwiftUI */,
			);
			productName = "MyChatSwiftUI-Firebase";
			productReference = 0084AFBE29E038A800CBF32E /* MyChatSwiftUI-Firebase.app */;
			productType = "com.apple.product-type.application";
		};
/* End PBXNativeTarget section */

/* Begin PBXProject section */
		0084AFB629E038A800CBF32E /* Project object */ = {
			isa = PBXProject;
			attributes = {
				BuildIndependentTargetsInParallel = 1;
				LastSwiftUpdateCheck = 1420;
				LastUpgradeCheck = 1420;
				TargetAttributes = {
					0084AFBD29E038A800CBF32E = {
						CreatedOnToolsVersion = 14.2;
					};
				};
			};
			buildConfigurationList = 0084AFB929E038A800CBF32E /* Build configuration list for PBXProject "MyChatSwiftUI-Firebase" */;
			compatibilityVersion = "Xcode 14.0";
			developmentRegion = en;
			hasScannedForEncodings = 0;
			knownRegions = (
				en,
				Base,
			);
			mainGroup = 0084AFB529E038A800CBF32E;
			packageReferences = (
				0002490C29E44F9B00F13526 /* XCRemoteSwiftPackageReference "firebase-ios-sdk" */,
				00F2332A29E69AD700A8410F /* XCRemoteSwiftPackageReference "SDWebImageSwiftUI" */,
			);
			productRefGroup = 0084AFBF29E038A800CBF32E /* Products */;
			projectDirPath = "";
			projectRoot = "";
			targets = (
				0084AFBD29E038A800CBF32E /* MyChatSwiftUI-Firebase */,
			);
		};
/* End PBXProject section */

/* Begin PBXResourcesBuildPhase section */
		0084AFBC29E038A800CBF32E /* Resources */ = {
			isa = PBXResourcesBuildPhase;
			buildActionMask = 2147483647;
			files = (
				0084AFC929E038A900CBF32E /* Preview Assets.xcassets in Resources */,
				0084AFC629E038A900CBF32E /* Assets.xcassets in Resources */,
				009B4F2A29E539E4009FD21B /* GoogleService-Info.plist in Resources */,
			);
			runOnlyForDeploymentPostprocessing = 0;
		};
/* End PBXResourcesBuildPhase section */

/* Begin PBXSourcesBuildPhase section */
		0084AFBA29E038A800CBF32E /* Sources */ = {
			isa = PBXSourcesBuildPhase;
			buildActionMask = 2147483647;
			files = (
				00F2332F29E6D9D900A8410F /* ChatUser.swift in Sources */,
				000CA1CF29E84633000301EB /* ChatLogView.swift in Sources */,
				005A776F29E17DFF001DEA57 /* ImagePicker.swift in Sources */,
				009B4F2C29E54D20009FD21B /* MainMessagesView.swift in Sources */,
				00F2332829E68E5000A8410F /* FirebaseManager.swift in Sources */,
				00F2333229E6EEF400A8410F /* CreateNewMessageView.swift in Sources */,
				0084AFC429E038A800CBF32E /* LoginView.swift in Sources */,
				0084AFC229E038A800CBF32E /* MyChatSwiftUI_FirebaseApp.swift in Sources */,
			);
			runOnlyForDeploymentPostprocessing = 0;
		};
/* End PBXSourcesBuildPhase section */

/* Begin XCBuildConfiguration section */
		0084AFCA29E038A900CBF32E /* Debug */ = {
			isa = XCBuildConfiguration;
			buildSettings = {
				ALWAYS_SEARCH_USER_PATHS = NO;
				CLANG_ANALYZER_NONNULL = YES;
				CLANG_ANALYZER_NUMBER_OBJECT_CONVERSION = YES_AGGRESSIVE;
				CLANG_CXX_LANGUAGE_STANDARD = "gnu++20";
				CLANG_ENABLE_MODULES = YES;
				CLANG_ENABLE_OBJC_ARC = YES;
				CLANG_ENABLE_OBJC_WEAK = YES;
				CLANG_WARN_BLOCK_CAPTURE_AUTORELEASING = YES;
				CLANG_WARN_BOOL_CONVERSION = YES;
				CLANG_WARN_COMMA = YES;
				CLANG_WARN_CONSTANT_CONVERSION = YES;
				CLANG_WARN_DEPRECATED_OBJC_IMPLEMENTATIONS = YES;
				CLANG_WARN_DIRECT_OBJC_ISA_USAGE = YES_ERROR;
				CLANG_WARN_DOCUMENTATION_COMMENTS = YES;
				CLANG_WARN_EMPTY_BODY = YES;
				CLANG_WARN_ENUM_CONVERSION = YES;
				CLANG_WARN_INFINITE_RECURSION = YES;
				CLANG_WARN_INT_CONVERSION = YES;
				CLANG_WARN_NON_LITERAL_NULL_CONVERSION = YES;
				CLANG_WARN_OBJC_IMPLICIT_RETAIN_SELF = YES;
				CLANG_WARN_OBJC_LITERAL_CONVERSION = YES;
				CLANG_WARN_OBJC_ROOT_CLASS = YES_ERROR;
				CLANG_WARN_QUOTED_INCLUDE_IN_FRAMEWORK_HEADER = YES;
				CLANG_WARN_RANGE_LOOP_ANALYSIS = YES;
				CLANG_WARN_STRICT_PROTOTYPES = YES;
				CLANG_WARN_SUSPICIOUS_MOVE = YES;
				CLANG_WARN_UNGUARDED_AVAILABILITY = YES_AGGRESSIVE;
				CLANG_WARN_UNREACHABLE_CODE = YES;
				CLANG_WARN__DUPLICATE_METHOD_MATCH = YES;
				COPY_PHASE_STRIP = NO;
				DEBUG_INFORMATION_FORMAT = dwarf;
				ENABLE_STRICT_OBJC_MSGSEND = YES;
				ENABLE_TESTABILITY = YES;
				GCC_C_LANGUAGE_STANDARD = gnu11;
				GCC_DYNAMIC_NO_PIC = NO;
				GCC_NO_COMMON_BLOCKS = YES;
				GCC_OPTIMIZATION_LEVEL = 0;
				GCC_PREPROCESSOR_DEFINITIONS = (
					"DEBUG=1",
					"$(inherited)",
				);
				GCC_WARN_64_TO_32_BIT_CONVERSION = YES;
				GCC_WARN_ABOUT_RETURN_TYPE = YES_ERROR;
				GCC_WARN_UNDECLARED_SELECTOR = YES;
				GCC_WARN_UNINITIALIZED_AUTOS = YES_AGGRESSIVE;
				GCC_WARN_UNUSED_FUNCTION = YES;
				GCC_WARN_UNUSED_VARIABLE = YES;
				IPHONEOS_DEPLOYMENT_TARGET = 16.2;
				MTL_ENABLE_DEBUG_INFO = INCLUDE_SOURCE;
				MTL_FAST_MATH = YES;
				ONLY_ACTIVE_ARCH = YES;
				SDKROOT = iphoneos;
				SWIFT_ACTIVE_COMPILATION_CONDITIONS = DEBUG;
				SWIFT_OPTIMIZATION_LEVEL = "-Onone";
			};
			name = Debug;
		};
		0084AFCB29E038A900CBF32E /* Release */ = {
			isa = XCBuildConfiguration;
			buildSettings = {
				ALWAYS_SEARCH_USER_PATHS = NO;
				CLANG_ANALYZER_NONNULL = YES;
				CLANG_ANALYZER_NUMBER_OBJECT_CONVERSION = YES_AGGRESSIVE;
				CLANG_CXX_LANGUAGE_STANDARD = "gnu++20";
				CLANG_ENABLE_MODULES = YES;
				CLANG_ENABLE_OBJC_ARC = YES;
				CLANG_ENABLE_OBJC_WEAK = YES;
				CLANG_WARN_BLOCK_CAPTURE_AUTORELEASING = YES;
				CLANG_WARN_BOOL_CONVERSION = YES;
				CLANG_WARN_COMMA = YES;
				CLANG_WARN_CONSTANT_CONVERSION = YES;
				CLANG_WARN_DEPRECATED_OBJC_IMPLEMENTATIONS = YES;
				CLANG_WARN_DIRECT_OBJC_ISA_USAGE = YES_ERROR;
				CLANG_WARN_DOCUMENTATION_COMMENTS = YES;
				CLANG_WARN_EMPTY_BODY = YES;
				CLANG_WARN_ENUM_CONVERSION = YES;
				CLANG_WARN_INFINITE_RECURSION = YES;
				CLANG_WARN_INT_CONVERSION = YES;
				CLANG_WARN_NON_LITERAL_NULL_CONVERSION = YES;
				CLANG_WARN_OBJC_IMPLICIT_RETAIN_SELF = YES;
				CLANG_WARN_OBJC_LITERAL_CONVERSION = YES;
				CLANG_WARN_OBJC_ROOT_CLASS = YES_ERROR;
				CLANG_WARN_QUOTED_INCLUDE_IN_FRAMEWORK_HEADER = YES;
				CLANG_WARN_RANGE_LOOP_ANALYSIS = YES;
				CLANG_WARN_STRICT_PROTOTYPES = YES;
				CLANG_WARN_SUSPICIOUS_MOVE = YES;
				CLANG_WARN_UNGUARDED_AVAILABILITY = YES_AGGRESSIVE;
				CLANG_WARN_UNREACHABLE_CODE = YES;
				CLANG_WARN__DUPLICATE_METHOD_MATCH = YES;
				COPY_PHASE_STRIP = NO;
				DEBUG_INFORMATION_FORMAT = "dwarf-with-dsym";
				ENABLE_NS_ASSERTIONS = NO;
				ENABLE_STRICT_OBJC_MSGSEND = YES;
				GCC_C_LANGUAGE_STANDARD = gnu11;
				GCC_NO_COMMON_BLOCKS = YES;
				GCC_WARN_64_TO_32_BIT_CONVERSION = YES;
				GCC_WARN_ABOUT_RETURN_TYPE = YES_ERROR;
				GCC_WARN_UNDECLARED_SELECTOR = YES;
				GCC_WARN_UNINITIALIZED_AUTOS = YES_AGGRESSIVE;
				GCC_WARN_UNUSED_FUNCTION = YES;
				GCC_WARN_UNUSED_VARIABLE = YES;
				IPHONEOS_DEPLOYMENT_TARGET = 16.2;
				MTL_ENABLE_DEBUG_INFO = NO;
				MTL_FAST_MATH = YES;
				SDKROOT = iphoneos;
				SWIFT_COMPILATION_MODE = wholemodule;
				SWIFT_OPTIMIZATION_LEVEL = "-O";
				VALIDATE_PRODUCT = YES;
			};
			name = Release;
		};
		0084AFCD29E038A900CBF32E /* Debug */ = {
			isa = XCBuildConfiguration;
			buildSettings = {
				ASSETCATALOG_COMPILER_APPICON_NAME = AppIcon;
				ASSETCATALOG_COMPILER_GLOBAL_ACCENT_COLOR_NAME = AccentColor;
				CODE_SIGN_STYLE = Automatic;
				CURRENT_PROJECT_VERSION = 1;
				DEVELOPMENT_ASSET_PATHS = "\"MyChatSwiftUI-Firebase/Preview Content\"";
				DEVELOPMENT_TEAM = 3CUD646X3G;
				ENABLE_PREVIEWS = YES;
				GENERATE_INFOPLIST_FILE = YES;
				INFOPLIST_KEY_UIApplicationSceneManifest_Generation = YES;
				INFOPLIST_KEY_UIApplicationSupportsIndirectInputEvents = YES;
				INFOPLIST_KEY_UILaunchScreen_Generation = YES;
				INFOPLIST_KEY_UISupportedInterfaceOrientations_iPad = "UIInterfaceOrientationPortrait UIInterfaceOrientationPortraitUpsideDown UIInterfaceOrientationLandscapeLeft UIInterfaceOrientationLandscapeRight";
				INFOPLIST_KEY_UISupportedInterfaceOrientations_iPhone = "UIInterfaceOrientationPortrait UIInterfaceOrientationLandscapeLeft UIInterfaceOrientationLandscapeRight";
				LD_RUNPATH_SEARCH_PATHS = (
					"$(inherited)",
					"@executable_path/Frameworks",
				);
				MARKETING_VERSION = 1.0;
				PRODUCT_BUNDLE_IDENTIFIER = "com.yigitkarakurt.MyChatSwiftUI-Firebase";
				PRODUCT_NAME = "$(TARGET_NAME)";
				SWIFT_EMIT_LOC_STRINGS = YES;
				SWIFT_VERSION = 5.0;
				TARGETED_DEVICE_FAMILY = "1,2";
			};
			name = Debug;
		};
		0084AFCE29E038A900CBF32E /* Release */ = {
			isa = XCBuildConfiguration;
			buildSettings = {
				ASSETCATALOG_COMPILER_APPICON_NAME = AppIcon;
				ASSETCATALOG_COMPILER_GLOBAL_ACCENT_COLOR_NAME = AccentColor;
				CODE_SIGN_STYLE = Automatic;
				CURRENT_PROJECT_VERSION = 1;
				DEVELOPMENT_ASSET_PATHS = "\"MyChatSwiftUI-Firebase/Preview Content\"";
				DEVELOPMENT_TEAM = 3CUD646X3G;
				ENABLE_PREVIEWS = YES;
				GENERATE_INFOPLIST_FILE = YES;
				INFOPLIST_KEY_UIApplicationSceneManifest_Generation = YES;
				INFOPLIST_KEY_UIApplicationSupportsIndirectInputEvents = YES;
				INFOPLIST_KEY_UILaunchScreen_Generation = YES;
				INFOPLIST_KEY_UISupportedInterfaceOrientations_iPad = "UIInterfaceOrientationPortrait UIInterfaceOrientationPortraitUpsideDown UIInterfaceOrientationLandscapeLeft UIInterfaceOrientationLandscapeRight";
				INFOPLIST_KEY_UISupportedInterfaceOrientations_iPhone = "UIInterfaceOrientationPortrait UIInterfaceOrientationLandscapeLeft UIInterfaceOrientationLandscapeRight";
				LD_RUNPATH_SEARCH_PATHS = (
					"$(inherited)",
					"@executable_path/Frameworks",
				);
				MARKETING_VERSION = 1.0;
				PRODUCT_BUNDLE_IDENTIFIER = "com.yigitkarakurt.MyChatSwiftUI-Firebase";
				PRODUCT_NAME = "$(TARGET_NAME)";
				SWIFT_EMIT_LOC_STRINGS = YES;
				SWIFT_VERSION = 5.0;
				TARGETED_DEVICE_FAMILY = "1,2";
			};
			name = Release;
		};
/* End XCBuildConfiguration section */

/* Begin XCConfigurationList section */
		0084AFB929E038A800CBF32E /* Build configuration list for PBXProject "MyChatSwiftUI-Firebase" */ = {
			isa = XCConfigurationList;
			buildConfigurations = (
				0084AFCA29E038A900CBF32E /* Debug */,
				0084AFCB29E038A900CBF32E /* Release */,
			);
			defaultConfigurationIsVisible = 0;
			defaultConfigurationName = Release;
		};
		0084AFCC29E038A900CBF32E /* Build configuration list for PBXNativeTarget "MyChatSwiftUI-Firebase" */ = {
			isa = XCConfigurationList;
			buildConfigurations = (
				0084AFCD29E038A900CBF32E /* Debug */,
				0084AFCE29E038A900CBF32E /* Release */,
			);
			defaultConfigurationIsVisible = 0;
			defaultConfigurationName = Release;
		};
/* End XCConfigurationList section */

/* Begin XCRemoteSwiftPackageReference section */
		0002490C29E44F9B00F13526 /* XCRemoteSwiftPackageReference "firebase-ios-sdk" */ = {
			isa = XCRemoteSwiftPackageReference;
			repositoryURL = "https://github.com/firebase/firebase-ios-sdk.git";
			requirement = {
				kind = upToNextMajorVersion;
				minimumVersion = 9.0.0;
			};
		};
		00F2332A29E69AD700A8410F /* XCRemoteSwiftPackageReference "SDWebImageSwiftUI" */ = {
			isa = XCRemoteSwiftPackageReference;
			repositoryURL = "https://github.com/SDWebImage/SDWebImageSwiftUI";
			requirement = {
				kind = upToNextMajorVersion;
				minimumVersion = 2.0.0;
			};
		};
/* End XCRemoteSwiftPackageReference section */

/* Begin XCSwiftPackageProductDependency section */
		0002490D29E44F9B00F13526 /* FirebaseAuth */ = {
			isa = XCSwiftPackageProductDependency;
			package = 0002490C29E44F9B00F13526 /* XCRemoteSwiftPackageReference "firebase-ios-sdk" */;
			productName = FirebaseAuth;
		};
		0002490F29E44F9B00F13526 /* FirebaseFirestore */ = {
			isa = XCSwiftPackageProductDependency;
			package = 0002490C29E44F9B00F13526 /* XCRemoteSwiftPackageReference "firebase-ios-sdk" */;
			productName = FirebaseFirestore;
		};
		0002491129E44F9B00F13526 /* FirebaseStorage */ = {
			isa = XCSwiftPackageProductDependency;
			package = 0002490C29E44F9B00F13526 /* XCRemoteSwiftPackageReference "firebase-ios-sdk" */;
			productName = FirebaseStorage;
		};
		00F2332B29E69AD700A8410F /* SDWebImageSwiftUI */ = {
			isa = XCSwiftPackageProductDependency;
			package = 00F2332A29E69AD700A8410F /* XCRemoteSwiftPackageReference "SDWebImageSwiftUI" */;
			productName = SDWebImageSwiftUI;
		};
/* End XCSwiftPackageProductDependency section */
	};
	rootObject = 0084AFB629E038A800CBF32E /* Project object */;
}
